Microsoft Visual Studio Solution File, Format Version 12.00
# Visual Studio 14
VisualStudioVersion = 14.0.25420.1
MinimumVisualStudioVersion = 10.0.40219.1
Project("{FAE04EC0-301F-11D3-BF4B-00C04F79EFBC}") = "Backtest", "Backtest\Backtest.csproj", "{E35DC3B2-1B29-4E15-92F2-D468AB1315A0}"
EndProject
Project("{FAE04EC0-301F-11D3-BF4B-00C04F79EFBC}") = "MyBuySideStrategy", "MyBuySideStrategy\MyBuySideStrategy.csproj", "{AF62D5CE-38A2-41B9-B423-BBE12D4E3029}"
EndProject
Project("{FAE04EC0-301F-11D3-BF4B-00C04F79EFBC}") = "MySellSideStrategy", "MySellSideStrategy\MySellSideStrategy.csproj", "{A8A71D12-BEA8-4D30-9CAB-AFD4C940FC17}"
EndProject
Project("{FAE04EC0-301F-11D3-BF4B-00C04F79EFBC}") = "Common", "..\Common\Common.csproj", "{E5E2B845-947B-4844-A5B8-F0E65B98966F}"
EndProject
Project("{FAE04EC0-301F-11D3-BF4B-00C04F79EFBC}") = "Live", "Live\Live.csproj", "{FCF887AD-AD81-47D0-B442-431CA51CE538}"
EndProject
Project("{FAE04EC0-301F-11D3-BF4B-00C04F79EFBC}") = "DCEMDStrategy", "DCEMDStrategy\DCEMDStrategy.csproj", "{DBB48CB9-15EE-463D-88C9-0E146F223C2C}"
EndProject
Project("{FAE04EC0-301F-11D3-BF4B-00C04F79EFBC}") = "Backtest2", "Backtest2\Backtest2.csproj", "{87BB745E-5C39-4DD3-85FD-A0AAEB077944}"
EndProject
Project("{FAE04EC0-301F-11D3-BF4B-00C04F79EFBC}") = "paperIB", "paperIB\paperIB.csproj", "{4CEDB5DE-3CD2-48D6-90CB-4E01E13415CB}"
EndProject
Global
	GlobalSection(SolutionConfigurationPlatforms) = preSolution
		Debug|Any CPU = Debug|Any CPU
		DebugZ600|Any CPU = DebugZ600|Any CPU
		Release|Any CPU = Release|Any CPU
	EndGlobalSection
	GlobalSection(ProjectConfigurationPlatforms) = postSolution
		{E35DC3B2-1B29-4E15-92F2-D468AB1315A0}.Debug|Any CPU.ActiveCfg = Debug|Any CPU
		{E35DC3B2-1B29-4E15-92F2-D468AB1315A0}.Debug|Any CPU.Build.0 = Debug|Any CPU
		{E35DC3B2-1B29-4E15-92F2-D468AB1315A0}.DebugZ600|Any CPU.ActiveCfg = Debug|Any CPU
		{E35DC3B2-1B29-4E15-92F2-D468AB1315A0}.DebugZ600|Any CPU.Build.0 = Debug|Any CPU
		{E35DC3B2-1B29-4E15-92F2-D468AB1315A0}.Release|Any CPU.ActiveCfg = Release|Any CPU
		{E35DC3B2-1B29-4E15-92F2-D468AB1315A0}.Release|Any CPU.Build.0 = Release|Any CPU
		{AF62D5CE-38A2-41B9-B423-BBE12D4E3029}.Debug|Any CPU.ActiveCfg = Debug|Any CPU
		{AF62D5CE-38A2-41B9-B423-BBE12D4E3029}.Debug|Any CPU.Build.0 = Debug|Any CPU
		{AF62D5CE-38A2-41B9-B423-BBE12D4E3029}.DebugZ600|Any CPU.ActiveCfg = Debug|Any CPU
		{AF62D5CE-38A2-41B9-B423-BBE12D4E3029}.DebugZ600|Any CPU.Build.0 = Debug|Any CPU
		{AF62D5CE-38A2-41B9-B423-BBE12D4E3029}.Release|Any CPU.ActiveCfg = Release|Any CPU
		{AF62D5CE-38A2-41B9-B423-BBE12D4E3029}.Release|Any CPU.Build.0 = Release|Any CPU
		{A8A71D12-BEA8-4D30-9CAB-AFD4C940FC17}.Debug|Any CPU.ActiveCfg = Debug|Any CPU
		{A8A71D12-BEA8-4D30-9CAB-AFD4C940FC17}.Debug|Any CPU.Build.0 = Debug|Any CPU
		{A8A71D12-BEA8-4D30-9CAB-AFD4C940FC17}.DebugZ600|Any CPU.ActiveCfg = Debug|Any CPU
		{A8A71D12-BEA8-4D30-9CAB-AFD4C940FC17}.DebugZ600|Any CPU.Build.0 = Debug|Any CPU
		{A8A71D12-BEA8-4D30-9CAB-AFD4C940FC17}.Release|Any CPU.ActiveCfg = Release|Any CPU
		{A8A71D12-BEA8-4D30-9CAB-AFD4C940FC17}.Release|Any CPU.Build.0 = Release|Any CPU
		{E5E2B845-947B-4844-A5B8-F0E65B98966F}.Debug|Any CPU.ActiveCfg = Debug|Any CPU
		{E5E2B845-947B-4844-A5B8-F0E65B98966F}.Debug|Any CPU.Build.0 = Debug|Any CPU
		{E5E2B845-947B-4844-A5B8-F0E65B98966F}.DebugZ600|Any CPU.ActiveCfg = DebugZ600|Any CPU
		{E5E2B845-947B-4844-A5B8-F0E65B98966F}.DebugZ600|Any CPU.Build.0 = DebugZ600|Any CPU
		{E5E2B845-947B-4844-A5B8-F0E65B98966F}.Release|Any CPU.ActiveCfg = Release|Any CPU
		{E5E2B845-947B-4844-A5B8-F0E65B98966F}.Release|Any CPU.Build.0 = Release|Any CPU
		{FCF887AD-AD81-47D0-B442-431CA51CE538}.Debug|Any CPU.ActiveCfg = Debug|Any CPU
		{FCF887AD-AD81-47D0-B442-431CA51CE538}.Debug|Any CPU.Build.0 = Debug|Any CPU
		{FCF887AD-AD81-47D0-B442-431CA51CE538}.DebugZ600|Any CPU.ActiveCfg = Debug|Any CPU
		{FCF887AD-AD81-47D0-B442-431CA51CE538}.DebugZ600|Any CPU.Build.0 = Debug|Any CPU
		{FCF887AD-AD81-47D0-B442-431CA51CE538}.Release|Any CPU.ActiveCfg = Release|Any CPU
		{FCF887AD-AD81-47D0-B442-431CA51CE538}.Release|Any CPU.Build.0 = Release|Any CPU
		{DBB48CB9-15EE-463D-88C9-0E146F223C2C}.Debug|Any CPU.ActiveCfg = Debug|Any CPU
		{DBB48CB9-15EE-463D-88C9-0E146F223C2C}.Debug|Any CPU.Build.0 = Debug|Any CPU
		{DBB48CB9-15EE-463D-88C9-0E146F223C2C}.DebugZ600|Any CPU.ActiveCfg = Debug|Any CPU
		{DBB48CB9-15EE-463D-88C9-0E146F223C2C}.DebugZ600|Any CPU.Build.0 = Debug|Any CPU
		{DBB48CB9-15EE-463D-88C9-0E146F223C2C}.Release|Any CPU.ActiveCfg = Release|Any CPU
		{DBB48CB9-15EE-463D-88C9-0E146F223C2C}.Release|Any CPU.Build.0 = Release|Any CPU
		{87BB745E-5C39-4DD3-85FD-A0AAEB077944}.Debug|Any CPU.ActiveCfg = Debug|Any CPU
		{87BB745E-5C39-4DD3-85FD-A0AAEB077944}.Debug|Any CPU.Build.0 = Debug|Any CPU
		{87BB745E-5C39-4DD3-85FD-A0AAEB077944}.DebugZ600|Any CPU.ActiveCfg = Debug|Any CPU
		{87BB745E-5C39-4DD3-85FD-A0AAEB077944}.DebugZ600|Any CPU.Build.0 = Debug|Any CPU
		{87BB745E-5C39-4DD3-85FD-A0AAEB077944}.Release|Any CPU.ActiveCfg = Release|Any CPU
		{87BB745E-5C39-4DD3-85FD-A0AAEB077944}.Release|Any CPU.Build.0 = Release|Any CPU
		{4CEDB5DE-3CD2-48D6-90CB-4E01E13415CB}.Debug|Any CPU.ActiveCfg = Debug|Any CPU
		{4CEDB5DE-3CD2-48D6-90CB-4E01E13415CB}.Debug|Any CPU.Build.0 = Debug|Any CPU
		{4CEDB5DE-3CD2-48D6-90CB-4E01E13415CB}.DebugZ600|Any CPU.ActiveCfg = Debug|Any CPU
		{4CEDB5DE-3CD2-48D6-90CB-4E01E13415CB}.DebugZ600|Any CPU.Build.0 = Debug|Any CPU
		{4CEDB5DE-3CD2-48D6-90CB-4E01E13415CB}.Release|Any CPU.ActiveCfg = Release|Any CPU
		{4CEDB5DE-3CD2-48D6-90CB-4E01E13415CB}.Release|Any CPU.Build.0 = Release|Any CPU
	EndGlobalSection
	GlobalSection(SolutionProperties) = preSolution
		HideSolutionNode = FALSE
	EndGlobalSection
EndGlobal
